<?xml version="1.0" encoding="utf-8"?>
<Project ToolsVersion="4.0" xmlns="http://schemas.microsoft.com/developer/msbuild/2003">
  <ItemGroup>
    <Filter Include="Resource Files">
      <UniqueIdentifier>{67DA6AB6-F800-4c08-8B7A-83BB121AAD01}</UniqueIdentifier>
      <Extensions>rc;ico;cur;bmp;dlg;rc2;rct;bin;rgs;gif;jpg;jpeg;jpe;resx;tiff;tif;png;wav;mfcribbon-ms</Extensions>
    </Filter>
    <Filter Include="Shaders">
      <UniqueIdentifier>{2b902fd1-ef26-4c9a-94df-86eb0cd43f83}</UniqueIdentifier>
    </Filter>
    <Filter Include="Shaders\SimpleColor">
      <UniqueIdentifier>{ff81e1aa-6659-4321-a1b3-9f04a393d0e1}</UniqueIdentifier>
    </Filter>
    <Filter Include="Engine">
      <UniqueIdentifier>{be732140-19c3-4645-890e-9f0a7e4b418d}</UniqueIdentifier>
    </Filter>
  </ItemGroup>
  <ItemGroup>
    <None Include="..\config\RuntimeConfig.json">
      <Filter>Resource Files</Filter>
    </None>
    <None Include="..\config\SetupConfig.json">
      <Filter>Resource Files</Filter>
    </None>
    <None Include="..\shaders\SimpleColor\fragment.glsl">
      <Filter>Shaders\SimpleColor</Filter>
    </None>
    <None Include="..\shaders\SimpleColor\vertex.glsl">
      <Filter>Shaders\SimpleColor</Filter>
    </None>
    <None Include="..\shaders\Tangram.json">
      <Filter>Shaders</Filter>
    </None>
    <None Include="..\shaders\Wireframe.json">
      <Filter>Shaders</Filter>
    </None>
  </ItemGroup>
  <ItemGroup>
    <ClCompile Include="..\src\Engine\Camera\Camera.cpp">
      <Filter>Engine</Filter>
    </ClCompile>
    <ClCompile Include="..\src\Engine\Camera\LookAt.cpp">
      <Filter>Engine</Filter>
    </ClCompile>
    <ClCompile Include="..\src\Engine\Camera\Ortho.cpp">
      <Filter>Engine</Filter>
    </ClCompile>
    <ClCompile Include="..\src\Engine\Camera\Perspective.cpp">
      <Filter>Engine</Filter>
    </ClCompile>
    <ClCompile Include="..\src\Engine\Engine.cpp">
      <Filter>Engine</Filter>
    </ClCompile>
    <ClCompile Include="..\src\Engine\Input.cpp">
      <Filter>Engine</Filter>
    </ClCompile>
    <ClCompile Include="..\src\Engine\Math\Maths.cpp">
      <Filter>Engine</Filter>
    </ClCompile>
    <ClCompile Include="..\src\Engine\Math\Matrix.cpp">
      <Filter>Engine</Filter>
    </ClCompile>
    <ClCompile Include="..\src\Engine\Math\Matrix2.cpp">
      <Filter>Engine</Filter>
    </ClCompile>
    <ClCompile Include="..\src\Engine\Math\Matrix3.cpp">
      <Filter>Engine</Filter>
    </ClCompile>
    <ClCompile Include="..\src\Engine\Math\Quat.cpp">
      <Filter>Engine</Filter>
    </ClCompile>
    <ClCompile Include="..\src\Engine\Math\Vector.cpp">
      <Filter>Engine</Filter>
    </ClCompile>
    <ClCompile Include="..\src\Engine\Math\Vector2.cpp">
      <Filter>Engine</Filter>
    </ClCompile>
    <ClCompile Include="..\src\Engine\Math\Vector4.cpp">
      <Filter>Engine</Filter>
    </ClCompile>
    <ClCompile Include="..\src\Engine\Shader\Shader.cpp">
      <Filter>Engine</Filter>
    </ClCompile>
    <ClCompile Include="..\src\Engine\Shader\ShaderProgram.cpp">
      <Filter>Engine</Filter>
    </ClCompile>
  </ItemGroup>
  <ItemGroup>
    <ClInclude Include="..\src\Engine\Camera\Camera.h">
      <Filter>Engine</Filter>
    </ClInclude>
    <ClInclude Include="..\src\Engine\Camera\LookAt.h">
      <Filter>Engine</Filter>
    </ClInclude>
    <ClInclude Include="..\src\Engine\Camera\Ortho.h">
      <Filter>Engine</Filter>
    </ClInclude>
    <ClInclude Include="..\src\Engine\Camera\Perspective.h">
      <Filter>Engine</Filter>
    </ClInclude>
    <ClInclude Include="..\src\Engine\Debug.h">
      <Filter>Engine</Filter>
    </ClInclude>
    <ClInclude Include="..\src\Engine\Engine.h">
      <Filter>Engine</Filter>
    </ClInclude>
    <ClInclude Include="..\src\Engine\IActor.h">
      <Filter>Engine</Filter>
    </ClInclude>
    <ClInclude Include="..\src\Engine\Input.h">
      <Filter>Engine</Filter>
    </ClInclude>
    <ClInclude Include="..\src\Engine\json.hpp">
      <Filter>Engine</Filter>
    </ClInclude>
    <ClInclude Include="..\src\Engine\Math\Maths.h">
      <Filter>Engine</Filter>
    </ClInclude>
    <ClInclude Include="..\src\Engine\Math\Matrix.h">
      <Filter>Engine</Filter>
    </ClInclude>
    <ClInclude Include="..\src\Engine\Math\Matrix2.h">
      <Filter>Engine</Filter>
    </ClInclude>
    <ClInclude Include="..\src\Engine\Math\Matrix3.h">
      <Filter>Engine</Filter>
    </ClInclude>
    <ClInclude Include="..\src\Engine\Math\Quat.h">
      <Filter>Engine</Filter>
    </ClInclude>
    <ClInclude Include="..\src\Engine\Math\TMatrix.h">
      <Filter>Engine</Filter>
    </ClInclude>
    <ClInclude Include="..\src\Engine\Math\Vector.h">
      <Filter>Engine</Filter>
    </ClInclude>
    <ClInclude Include="..\src\Engine\Math\Vector2.h">
      <Filter>Engine</Filter>
    </ClInclude>
    <ClInclude Include="..\src\Engine\Math\Vector4.h">
      <Filter>Engine</Filter>
    </ClInclude>
    <ClInclude Include="..\src\Engine\OpenGLUtils.h">
      <Filter>Engine</Filter>
    </ClInclude>
    <ClInclude Include="..\src\Engine\Shader\Shader.h">
      <Filter>Engine</Filter>
    </ClInclude>
    <ClInclude Include="..\src\Engine\Shader\ShaderProgram.h">
      <Filter>Engine</Filter>
    </ClInclude>
  </ItemGroup>
</Project>