<?xml version="1.0" encoding="utf-8"?>
<Project ToolsVersion="4.0" xmlns="http://schemas.microsoft.com/developer/msbuild/2003">
  <ItemGroup>
    <Filter Include="Resource Files">
      <UniqueIdentifier>{67DA6AB6-F800-4c08-8B7A-83BB121AAD01}</UniqueIdentifier>
      <Extensions>rc;ico;cur;bmp;dlg;rc2;rct;bin;rgs;gif;jpg;jpeg;jpe;resx;tiff;tif;png;wav;mfcribbon-ms</Extensions>
    </Filter>
    <Filter Include="Shaders">
      <UniqueIdentifier>{2b902fd1-ef26-4c9a-94df-86eb0cd43f83}</UniqueIdentifier>
    </Filter>
    <Filter Include="Engine">
      <UniqueIdentifier>{be732140-19c3-4645-890e-9f0a7e4b418d}</UniqueIdentifier>
    </Filter>
  </ItemGroup>
  <ItemGroup>
    <ClCompile Include="src\Input.cpp">
      <Filter>Engine</Filter>
    </ClCompile>
    <ClCompile Include="src\Actors\Cube.cpp">
      <Filter>Engine</Filter>
    </ClCompile>
    <ClCompile Include="src\Actors\SkySphere.cpp">
      <Filter>Engine</Filter>
    </ClCompile>
    <ClCompile Include="src\Camera\Camera.cpp">
      <Filter>Engine</Filter>
    </ClCompile>
    <ClCompile Include="src\Camera\LookAt.cpp">
      <Filter>Engine</Filter>
    </ClCompile>
    <ClCompile Include="src\Camera\Ortho.cpp">
      <Filter>Engine</Filter>
    </ClCompile>
    <ClCompile Include="src\Camera\Perspective.cpp">
      <Filter>Engine</Filter>
    </ClCompile>
    <ClCompile Include="src\Controllers\FreeCameraController.cpp">
      <Filter>Engine</Filter>
    </ClCompile>
    <ClCompile Include="src\Controllers\SphereCameraController.cpp">
      <Filter>Engine</Filter>
    </ClCompile>
    <ClCompile Include="src\Math\Maths.cpp">
      <Filter>Engine</Filter>
    </ClCompile>
    <ClCompile Include="src\Math\Matrix.cpp">
      <Filter>Engine</Filter>
    </ClCompile>
    <ClCompile Include="src\Math\Matrix2.cpp">
      <Filter>Engine</Filter>
    </ClCompile>
    <ClCompile Include="src\Math\Matrix3.cpp">
      <Filter>Engine</Filter>
    </ClCompile>
    <ClCompile Include="src\Math\Quat.cpp">
      <Filter>Engine</Filter>
    </ClCompile>
    <ClCompile Include="src\Math\Vector.cpp">
      <Filter>Engine</Filter>
    </ClCompile>
    <ClCompile Include="src\Math\Vector2.cpp">
      <Filter>Engine</Filter>
    </ClCompile>
    <ClCompile Include="src\Math\Vector4.cpp">
      <Filter>Engine</Filter>
    </ClCompile>
    <ClCompile Include="src\SceneManagement\SceneGraph.cpp">
      <Filter>Engine</Filter>
    </ClCompile>
    <ClCompile Include="src\Shader\Cubemap.cpp">
      <Filter>Engine</Filter>
    </ClCompile>
    <ClCompile Include="src\Shader\Shader.cpp">
      <Filter>Engine</Filter>
    </ClCompile>
    <ClCompile Include="src\Shader\ShaderProgram.cpp">
      <Filter>Engine</Filter>
    </ClCompile>
    <ClCompile Include="src\Shader\Texture.cpp">
      <Filter>Engine</Filter>
    </ClCompile>
    <ClCompile Include="src\Shader\TextureLoader.cpp">
      <Filter>Engine</Filter>
    </ClCompile>
    <ClCompile Include="src\Shapes\Mesh.cpp">
      <Filter>Engine</Filter>
    </ClCompile>
    <ClCompile Include="src\Shapes\MeshLoader.cpp">
      <Filter>Engine</Filter>
    </ClCompile>
    <ClCompile Include="src\Shapes\Parallelogram.cpp">
      <Filter>Engine</Filter>
    </ClCompile>
    <ClCompile Include="src\Shapes\Parallelogram3D.cpp">
      <Filter>Engine</Filter>
    </ClCompile>
    <ClCompile Include="src\Shapes\Square.cpp">
      <Filter>Engine</Filter>
    </ClCompile>
    <ClCompile Include="src\Shapes\Triangle.cpp">
      <Filter>Engine</Filter>
    </ClCompile>
    <ClCompile Include="src\Shapes\Triangle3D.cpp">
      <Filter>Engine</Filter>
    </ClCompile>
    <ClCompile Include="src\SOIL\image_DXT.c">
      <Filter>Engine</Filter>
    </ClCompile>
    <ClCompile Include="src\SOIL\image_helper.c">
      <Filter>Engine</Filter>
    </ClCompile>
    <ClCompile Include="src\SOIL\SOIL.c">
      <Filter>Engine</Filter>
    </ClCompile>
    <ClCompile Include="src\SOIL\stb_image_aug.c">
      <Filter>Engine</Filter>
    </ClCompile>
    <ClCompile Include="src\Time\GlutTimeCalculator.cpp">
      <Filter>Engine</Filter>
    </ClCompile>
    <ClCompile Include="src\Time\Time.cpp">
      <Filter>Engine</Filter>
    </ClCompile>
    <ClCompile Include="src\Utilities\Simulation.cpp">
      <Filter>Engine</Filter>
    </ClCompile>
    <ClCompile Include="src\Actor.cpp">
      <Filter>Engine</Filter>
    </ClCompile>
    <ClCompile Include="src\Engine.cpp">
      <Filter>Engine</Filter>
    </ClCompile>
  </ItemGroup>
  <ItemGroup>
    <ClInclude Include="src\Input.h">
      <Filter>Engine</Filter>
    </ClInclude>
    <ClInclude Include="src\OpenGLUtils.h">
      <Filter>Engine</Filter>
    </ClInclude>
    <ClInclude Include="src\Actors\Cube.h">
      <Filter>Engine</Filter>
    </ClInclude>
    <ClInclude Include="src\Actors\SkySphere.h">
      <Filter>Engine</Filter>
    </ClInclude>
    <ClInclude Include="src\Camera\Camera.h">
      <Filter>Engine</Filter>
    </ClInclude>
    <ClInclude Include="src\Camera\LookAt.h">
      <Filter>Engine</Filter>
    </ClInclude>
    <ClInclude Include="src\Camera\Ortho.h">
      <Filter>Engine</Filter>
    </ClInclude>
    <ClInclude Include="src\Camera\Perspective.h">
      <Filter>Engine</Filter>
    </ClInclude>
    <ClInclude Include="src\Controllers\FreeCameraController.h">
      <Filter>Engine</Filter>
    </ClInclude>
    <ClInclude Include="src\Controllers\SphereCameraController.h">
      <Filter>Engine</Filter>
    </ClInclude>
    <ClInclude Include="src\Math\Maths.h">
      <Filter>Engine</Filter>
    </ClInclude>
    <ClInclude Include="src\Math\Matrix.h">
      <Filter>Engine</Filter>
    </ClInclude>
    <ClInclude Include="src\Math\Matrix2.h">
      <Filter>Engine</Filter>
    </ClInclude>
    <ClInclude Include="src\Math\Matrix3.h">
      <Filter>Engine</Filter>
    </ClInclude>
    <ClInclude Include="src\Math\Quat.h">
      <Filter>Engine</Filter>
    </ClInclude>
    <ClInclude Include="src\Math\TMatrix.h">
      <Filter>Engine</Filter>
    </ClInclude>
    <ClInclude Include="src\Math\Vector.h">
      <Filter>Engine</Filter>
    </ClInclude>
    <ClInclude Include="src\Math\Vector2.h">
      <Filter>Engine</Filter>
    </ClInclude>
    <ClInclude Include="src\Math\Vector4.h">
      <Filter>Engine</Filter>
    </ClInclude>
    <ClInclude Include="src\SceneManagement\SceneGraph.h">
      <Filter>Engine</Filter>
    </ClInclude>
    <ClInclude Include="src\Shader\Cubemap.h">
      <Filter>Engine</Filter>
    </ClInclude>
    <ClInclude Include="src\Shader\ITexture.h">
      <Filter>Engine</Filter>
    </ClInclude>
    <ClInclude Include="src\Shader\Shader.h">
      <Filter>Engine</Filter>
    </ClInclude>
    <ClInclude Include="src\Shader\ShaderProgram.h">
      <Filter>Engine</Filter>
    </ClInclude>
    <ClInclude Include="src\Shader\Texture.h">
      <Filter>Engine</Filter>
    </ClInclude>
    <ClInclude Include="src\Shader\TextureLoader.h">
      <Filter>Engine</Filter>
    </ClInclude>
    <ClInclude Include="src\Shapes\Mesh.h">
      <Filter>Engine</Filter>
    </ClInclude>
    <ClInclude Include="src\Shapes\MeshLoader.h">
      <Filter>Engine</Filter>
    </ClInclude>
    <ClInclude Include="src\Shapes\Parallelogram.h">
      <Filter>Engine</Filter>
    </ClInclude>
    <ClInclude Include="src\Shapes\Parallelogram3D.h">
      <Filter>Engine</Filter>
    </ClInclude>
    <ClInclude Include="src\Shapes\Square.h">
      <Filter>Engine</Filter>
    </ClInclude>
    <ClInclude Include="src\Shapes\Triangle.h">
      <Filter>Engine</Filter>
    </ClInclude>
    <ClInclude Include="src\Shapes\Triangle3D.h">
      <Filter>Engine</Filter>
    </ClInclude>
    <ClInclude Include="src\SOIL\image_DXT.h">
      <Filter>Engine</Filter>
    </ClInclude>
    <ClInclude Include="src\SOIL\image_helper.h">
      <Filter>Engine</Filter>
    </ClInclude>
    <ClInclude Include="src\SOIL\SOIL.h">
      <Filter>Engine</Filter>
    </ClInclude>
    <ClInclude Include="src\SOIL\stbi_DDS_aug.h">
      <Filter>Engine</Filter>
    </ClInclude>
    <ClInclude Include="src\SOIL\stbi_DDS_aug_c.h">
      <Filter>Engine</Filter>
    </ClInclude>
    <ClInclude Include="src\SOIL\stb_image_aug.h">
      <Filter>Engine</Filter>
    </ClInclude>
    <ClInclude Include="src\Time\GlutTimeCalculator.h">
      <Filter>Engine</Filter>
    </ClInclude>
    <ClInclude Include="src\Time\Time.h">
      <Filter>Engine</Filter>
    </ClInclude>
    <ClInclude Include="src\Utilities\json.hpp">
      <Filter>Engine</Filter>
    </ClInclude>
    <ClInclude Include="src\Utilities\Manager.h">
      <Filter>Engine</Filter>
    </ClInclude>
    <ClInclude Include="src\Utilities\Managers.h">
      <Filter>Engine</Filter>
    </ClInclude>
    <ClInclude Include="src\Utilities\Simulation.h">
      <Filter>Engine</Filter>
    </ClInclude>
    <ClInclude Include="src\Utilities\singleton.h">
      <Filter>Engine</Filter>
    </ClInclude>
    <ClInclude Include="src\Actor.h">
      <Filter>Engine</Filter>
    </ClInclude>
    <ClInclude Include="src\Debug.h">
      <Filter>Engine</Filter>
    </ClInclude>
    <ClInclude Include="src\Engine.h">
      <Filter>Engine</Filter>
    </ClInclude>
    <ClInclude Include="src\IDrawable.h">
      <Filter>Engine</Filter>
    </ClInclude>
  </ItemGroup>
</Project>