<?xml version="1.0" encoding="utf-8"?>
<Project ToolsVersion="4.0" xmlns="http://schemas.microsoft.com/developer/msbuild/2003">
  <ItemGroup>
    <Filter Include="Resource Files">
      <UniqueIdentifier>{67DA6AB6-F800-4c08-8B7A-83BB121AAD01}</UniqueIdentifier>
      <Extensions>rc;ico;cur;bmp;dlg;rc2;rct;bin;rgs;gif;jpg;jpeg;jpe;resx;tiff;tif;png;wav;mfcribbon-ms</Extensions>
    </Filter>
    <Filter Include="Source">
      <UniqueIdentifier>{f102512f-ef7a-4cc6-abd4-0abb598358b1}</UniqueIdentifier>
    </Filter>
  </ItemGroup>
  <ItemGroup>
    <ClCompile Include="..\src\Examples\Quaternion\CameraControllerRot.cpp">
      <Filter>Source</Filter>
    </ClCompile>
    <ClCompile Include="..\src\Examples\Quaternion\Quaternion.cpp">
      <Filter>Source</Filter>
    </ClCompile>
    <ClCompile Include="..\src\Examples\Tangram\Parallelogram.cpp">
      <Filter>Source</Filter>
    </ClCompile>
    <ClCompile Include="..\src\Examples\Tangram\Square.cpp">
      <Filter>Source</Filter>
    </ClCompile>
    <ClCompile Include="..\src\Examples\Tangram\Tangram.cpp">
      <Filter>Source</Filter>
    </ClCompile>
    <ClCompile Include="..\src\Examples\Tangram\Triangle.cpp">
      <Filter>Source</Filter>
    </ClCompile>
    <ClCompile Include="..\src\Examples\Tangram3D\CameraController.cpp">
      <Filter>Source</Filter>
    </ClCompile>
    <ClCompile Include="..\src\Examples\Tangram3D\Cube.cpp">
      <Filter>Source</Filter>
    </ClCompile>
    <ClCompile Include="..\src\Examples\Tangram3D\Parallelogram3D.cpp">
      <Filter>Source</Filter>
    </ClCompile>
    <ClCompile Include="..\src\Examples\Tangram3D\Tangram3D.cpp">
      <Filter>Source</Filter>
    </ClCompile>
    <ClCompile Include="..\src\Examples\Tangram3D\Triangle3D.cpp">
      <Filter>Source</Filter>
    </ClCompile>
    <ClCompile Include="..\src\main.cpp">
      <Filter>Source</Filter>
    </ClCompile>
  </ItemGroup>
  <ItemGroup>
    <ClInclude Include="..\src\Examples\Quaternion\CameraControllerRot.h">
      <Filter>Source</Filter>
    </ClInclude>
    <ClInclude Include="..\src\Examples\Quaternion\Quaternion.h">
      <Filter>Source</Filter>
    </ClInclude>
    <ClInclude Include="..\src\Examples\Tangram\Parallelogram.h">
      <Filter>Source</Filter>
    </ClInclude>
    <ClInclude Include="..\src\Examples\Tangram\Square.h">
      <Filter>Source</Filter>
    </ClInclude>
    <ClInclude Include="..\src\Examples\Tangram\Tangram.h">
      <Filter>Source</Filter>
    </ClInclude>
    <ClInclude Include="..\src\Examples\Tangram\Triangle.h">
      <Filter>Source</Filter>
    </ClInclude>
    <ClInclude Include="..\src\Examples\Tangram3D\CameraController.h">
      <Filter>Source</Filter>
    </ClInclude>
    <ClInclude Include="..\src\Examples\Tangram3D\Cube.h">
      <Filter>Source</Filter>
    </ClInclude>
    <ClInclude Include="..\src\Examples\Tangram3D\Parallelogram3D.h">
      <Filter>Source</Filter>
    </ClInclude>
    <ClInclude Include="..\src\Examples\Tangram3D\Tangram3D.h">
      <Filter>Source</Filter>
    </ClInclude>
    <ClInclude Include="..\src\Examples\Tangram3D\Triangle3D.h">
      <Filter>Source</Filter>
    </ClInclude>
  </ItemGroup>
</Project>