<?xml version="1.0" encoding="utf-8"?>
<Project ToolsVersion="4.0" xmlns="http://schemas.microsoft.com/developer/msbuild/2003">
  <ItemGroup>
    <Filter Include="Source Files">
      <UniqueIdentifier>{4FC737F1-C7A5-4376-A066-2A32D752A2FF}</UniqueIdentifier>
      <Extensions>cpp;c;cc;cxx;def;odl;idl;hpj;bat;asm;asmx</Extensions>
    </Filter>
    <Filter Include="Header Files">
      <UniqueIdentifier>{93995380-89BD-4b04-88EB-625FBE52EBFB}</UniqueIdentifier>
      <Extensions>h;hh;hpp;hxx;hm;inl;inc;xsd</Extensions>
    </Filter>
    <Filter Include="Resource Files">
      <UniqueIdentifier>{67DA6AB6-F800-4c08-8B7A-83BB121AAD01}</UniqueIdentifier>
      <Extensions>rc;ico;cur;bmp;dlg;rc2;rct;bin;rgs;gif;jpg;jpeg;jpe;resx;tiff;tif;png;wav;mfcribbon-ms</Extensions>
    </Filter>
    <Filter Include="3Engine Files">
      <UniqueIdentifier>{8d5feb5c-efb0-4241-902c-5096625bb5d2}</UniqueIdentifier>
    </Filter>
  </ItemGroup>
  <ItemGroup>
    <ClCompile Include="..\src\Math\Vector.cpp">
      <Filter>Source Files</Filter>
    </ClCompile>
    <ClCompile Include="..\src\Math\Vector2.cpp">
      <Filter>Source Files</Filter>
    </ClCompile>
    <ClCompile Include="..\src\Tests\tests.cpp">
      <Filter>Source Files</Filter>
    </ClCompile>
    <ClCompile Include="..\src\Math\Matrix.cpp">
      <Filter>Source Files</Filter>
    </ClCompile>
    <ClCompile Include="..\src\Math\Matrix2.cpp">
      <Filter>Source Files</Filter>
    </ClCompile>
    <ClCompile Include="..\src\Math\Matrix3.cpp">
      <Filter>Source Files</Filter>
    </ClCompile>
    <ClCompile Include="..\src\Math\Vector.cpp">
      <Filter>Source Files</Filter>
    </ClCompile>
    <ClCompile Include="..\src\Math\Vector2.cpp">
      <Filter>Source Files</Filter>
    </ClCompile>
    <ClCompile Include="..\src\Math\Vector4.cpp">
      <Filter>Source Files</Filter>
    </ClCompile>
    <ClCompile Include="..\src\Tests\tests.cpp">
      <Filter>Source Files</Filter>
    </ClCompile>
    <ClCompile Include="..\src\Math\Matrix.cpp">
      <Filter>Source Files</Filter>
    </ClCompile>
    <ClCompile Include="..\src\Math\Matrix2.cpp">
      <Filter>Source Files</Filter>
    </ClCompile>
    <ClCompile Include="..\src\Math\Matrix3.cpp">
      <Filter>Source Files</Filter>
    </ClCompile>
    <ClCompile Include="..\src\Math\Vector.cpp">
      <Filter>Source Files</Filter>
    </ClCompile>
    <ClCompile Include="..\src\Math\Vector2.cpp">
      <Filter>Source Files</Filter>
    </ClCompile>
    <ClCompile Include="..\src\Math\Vector4.cpp">
      <Filter>Source Files</Filter>
    </ClCompile>
    <ClCompile Include="..\src\Tests\tests.cpp">
      <Filter>Source Files</Filter>
    </ClCompile>
    <ClCompile Include="..\src\Math\Matrix.cpp">
      <Filter>Source Files</Filter>
    </ClCompile>
    <ClCompile Include="..\src\Math\Matrix2.cpp">
      <Filter>Source Files</Filter>
    </ClCompile>
    <ClCompile Include="..\src\Math\Matrix3.cpp">
      <Filter>Source Files</Filter>
    </ClCompile>
    <ClCompile Include="..\src\Math\Vector.cpp">
      <Filter>Source Files</Filter>
    </ClCompile>
    <ClCompile Include="..\src\Math\Vector2.cpp">
      <Filter>Source Files</Filter>
    </ClCompile>
    <ClCompile Include="..\src\Math\Vector4.cpp">
      <Filter>Source Files</Filter>
    </ClCompile>
    <ClCompile Include="..\src\Tests\tests.cpp">
      <Filter>Source Files</Filter>
    </ClCompile>
    <ClCompile Include="..\src\Math\Matrix.cpp">
      <Filter>Source Files</Filter>
    </ClCompile>
    <ClCompile Include="..\src\Math\Matrix2.cpp">
      <Filter>Source Files</Filter>
    </ClCompile>
    <ClCompile Include="..\src\Math\Matrix3.cpp">
      <Filter>Source Files</Filter>
    </ClCompile>
    <ClCompile Include="..\src\Math\Vector.cpp">
      <Filter>Source Files</Filter>
    </ClCompile>
    <ClCompile Include="..\src\Math\Vector2.cpp">
      <Filter>Source Files</Filter>
    </ClCompile>
    <ClCompile Include="..\src\Math\Vector4.cpp">
      <Filter>Source Files</Filter>
    </ClCompile>
    <ClCompile Include="..\src\Tests\tests.cpp">
      <Filter>Source Files</Filter>
    </ClCompile>
    <ClCompile Include="..\src\Math\Matrix.cpp">
      <Filter>Source Files</Filter>
    </ClCompile>
    <ClCompile Include="..\src\Math\Matrix2.cpp">
      <Filter>Source Files</Filter>
    </ClCompile>
    <ClCompile Include="..\src\Math\Matrix3.cpp">
      <Filter>Source Files</Filter>
    </ClCompile>
    <ClCompile Include="..\src\Math\Vector.cpp">
      <Filter>Source Files</Filter>
    </ClCompile>
    <ClCompile Include="..\src\Math\Vector2.cpp">
      <Filter>Source Files</Filter>
    </ClCompile>
    <ClCompile Include="..\src\Math\Vector4.cpp">
      <Filter>Source Files</Filter>
    </ClCompile>
    <ClCompile Include="..\src\Tests\tests.cpp">
      <Filter>Source Files</Filter>
    </ClCompile>
    <ClCompile Include="..\src\Math\Matrix.cpp">
      <Filter>Source Files</Filter>
    </ClCompile>
    <ClCompile Include="..\src\Math\Matrix2.cpp">
      <Filter>Source Files</Filter>
    </ClCompile>
    <ClCompile Include="..\src\Math\Matrix3.cpp">
      <Filter>Source Files</Filter>
    </ClCompile>
    <ClCompile Include="..\src\Math\Vector.cpp">
      <Filter>Source Files</Filter>
    </ClCompile>
    <ClCompile Include="..\src\Math\Vector2.cpp">
      <Filter>Source Files</Filter>
    </ClCompile>
    <ClCompile Include="..\src\Math\Vector4.cpp">
      <Filter>Source Files</Filter>
    </ClCompile>
    <ClCompile Include="..\src\Tests\tests.cpp">
      <Filter>Source Files</Filter>
    </ClCompile>
    <ClCompile Include="..\src\Math\Matrix.cpp">
      <Filter>Source Files</Filter>
    </ClCompile>
    <ClCompile Include="..\src\Math\Matrix2.cpp">
      <Filter>Source Files</Filter>
    </ClCompile>
    <ClCompile Include="..\src\Math\Matrix3.cpp">
      <Filter>Source Files</Filter>
    </ClCompile>
    <ClCompile Include="..\src\Math\Vector.cpp">
      <Filter>Source Files</Filter>
    </ClCompile>
    <ClCompile Include="..\src\Math\Vector2.cpp">
      <Filter>Source Files</Filter>
    </ClCompile>
    <ClCompile Include="..\src\Math\Vector4.cpp">
      <Filter>Source Files</Filter>
    </ClCompile>
    <ClCompile Include="..\src\Tests\tests.cpp">
      <Filter>Source Files</Filter>
    </ClCompile>
    <ClCompile Include="..\src\Tests\tests.cpp">
      <Filter>Source Files</Filter>
    </ClCompile>
    <ClCompile Include="..\src\Math\Matrix.cpp">
      <Filter>3Engine Files</Filter>
    </ClCompile>
    <ClCompile Include="..\src\Math\Matrix2.cpp">
      <Filter>3Engine Files</Filter>
    </ClCompile>
    <ClCompile Include="..\src\Math\Matrix3.cpp">
      <Filter>3Engine Files</Filter>
    </ClCompile>
    <ClCompile Include="..\src\Math\Vector.cpp">
      <Filter>3Engine Files</Filter>
    </ClCompile>
    <ClCompile Include="..\src\Math\Vector2.cpp">
      <Filter>3Engine Files</Filter>
    </ClCompile>
    <ClCompile Include="..\src\Math\Vector4.cpp">
      <Filter>3Engine Files</Filter>
    </ClCompile>
    <ClCompile Include="..\src\Math\Maths.cpp">
      <Filter>3Engine Files</Filter>
    </ClCompile>
    <ClCompile Include="..\src\Math\Matrix.cpp">
      <Filter>3Engine Files</Filter>
    </ClCompile>
    <ClCompile Include="..\src\Math\Matrix2.cpp">
      <Filter>3Engine Files</Filter>
    </ClCompile>
    <ClCompile Include="..\src\Math\Matrix3.cpp">
      <Filter>3Engine Files</Filter>
    </ClCompile>
    <ClCompile Include="..\src\Math\Vector.cpp">
      <Filter>3Engine Files</Filter>
    </ClCompile>
    <ClCompile Include="..\src\Math\Vector2.cpp">
      <Filter>3Engine Files</Filter>
    </ClCompile>
    <ClCompile Include="..\src\Math\Vector4.cpp">
      <Filter>3Engine Files</Filter>
    </ClCompile>
    <ClCompile Include="..\src\Shader\Shader.cpp">
      <Filter>3Engine Files</Filter>
    </ClCompile>
    <ClCompile Include="..\src\Shader\ShaderProgram.cpp">
      <Filter>3Engine Files</Filter>
    </ClCompile>
    <ClCompile Include="..\src\Engine.cpp">
      <Filter>3Engine Files</Filter>
    </ClCompile>
    <ClCompile Include="..\src\Tangram.cpp">
      <Filter>3Engine Files</Filter>
    </ClCompile>
  </ItemGroup>
  <ItemGroup>
    <ClInclude Include="..\src\Engine.h">
      <Filter>Header Files</Filter>
    </ClInclude>
    <ClInclude Include="..\src\Math\Vector.h">
      <Filter>Header Files</Filter>
    </ClInclude>
    <ClInclude Include="..\src\Math\Vector2.h">
      <Filter>Header Files</Filter>
    </ClInclude>
    <ClInclude Include="..\src\Tests\MatrixTests.h">
      <Filter>Header Files</Filter>
    </ClInclude>
    <ClInclude Include="..\src\Tests\VectorTests.h">
      <Filter>Header Files</Filter>
    </ClInclude>
    <ClInclude Include="..\src\Math\Matrix.h">
      <Filter>Header Files</Filter>
    </ClInclude>
    <ClInclude Include="..\src\Math\Matrix2.h">
      <Filter>Header Files</Filter>
    </ClInclude>
    <ClInclude Include="..\src\Math\Matrix3.h">
      <Filter>Header Files</Filter>
    </ClInclude>
    <ClInclude Include="..\src\Math\TMatrix.h">
      <Filter>Header Files</Filter>
    </ClInclude>
    <ClInclude Include="..\src\Math\Vector.h">
      <Filter>Header Files</Filter>
    </ClInclude>
    <ClInclude Include="..\src\Math\Vector2.h">
      <Filter>Header Files</Filter>
    </ClInclude>
    <ClInclude Include="..\src\Math\Vector4.h">
      <Filter>Header Files</Filter>
    </ClInclude>
    <ClInclude Include="..\src\Tests\MatrixTests.h">
      <Filter>Header Files</Filter>
    </ClInclude>
    <ClInclude Include="..\src\Tests\VectorTests.h">
      <Filter>Header Files</Filter>
    </ClInclude>
    <ClInclude Include="..\src\Math\Matrix.h">
      <Filter>Header Files</Filter>
    </ClInclude>
    <ClInclude Include="..\src\Math\Matrix2.h">
      <Filter>Header Files</Filter>
    </ClInclude>
    <ClInclude Include="..\src\Math\Matrix3.h">
      <Filter>Header Files</Filter>
    </ClInclude>
    <ClInclude Include="..\src\Math\TMatrix.h">
      <Filter>Header Files</Filter>
    </ClInclude>
    <ClInclude Include="..\src\Math\Vector.h">
      <Filter>Header Files</Filter>
    </ClInclude>
    <ClInclude Include="..\src\Math\Vector2.h">
      <Filter>Header Files</Filter>
    </ClInclude>
    <ClInclude Include="..\src\Math\Vector4.h">
      <Filter>Header Files</Filter>
    </ClInclude>
    <ClInclude Include="..\src\Tests\MatrixTests.h">
      <Filter>Header Files</Filter>
    </ClInclude>
    <ClInclude Include="..\src\Tests\VectorTests.h">
      <Filter>Header Files</Filter>
    </ClInclude>
    <ClInclude Include="..\src\Math\Matrix.h">
      <Filter>Header Files</Filter>
    </ClInclude>
    <ClInclude Include="..\src\Math\Matrix2.h">
      <Filter>Header Files</Filter>
    </ClInclude>
    <ClInclude Include="..\src\Math\Matrix3.h">
      <Filter>Header Files</Filter>
    </ClInclude>
    <ClInclude Include="..\src\Math\TMatrix.h">
      <Filter>Header Files</Filter>
    </ClInclude>
    <ClInclude Include="..\src\Math\Vector.h">
      <Filter>Header Files</Filter>
    </ClInclude>
    <ClInclude Include="..\src\Math\Vector2.h">
      <Filter>Header Files</Filter>
    </ClInclude>
    <ClInclude Include="..\src\Math\Vector4.h">
      <Filter>Header Files</Filter>
    </ClInclude>
    <ClInclude Include="..\src\Tests\MatrixTests.h">
      <Filter>Header Files</Filter>
    </ClInclude>
    <ClInclude Include="..\src\Tests\VectorTests.h">
      <Filter>Header Files</Filter>
    </ClInclude>
    <ClInclude Include="..\src\Math\Matrix.h">
      <Filter>Header Files</Filter>
    </ClInclude>
    <ClInclude Include="..\src\Math\Matrix2.h">
      <Filter>Header Files</Filter>
    </ClInclude>
    <ClInclude Include="..\src\Math\Matrix3.h">
      <Filter>Header Files</Filter>
    </ClInclude>
    <ClInclude Include="..\src\Math\TMatrix.h">
      <Filter>Header Files</Filter>
    </ClInclude>
    <ClInclude Include="..\src\Math\Vector.h">
      <Filter>Header Files</Filter>
    </ClInclude>
    <ClInclude Include="..\src\Math\Vector2.h">
      <Filter>Header Files</Filter>
    </ClInclude>
    <ClInclude Include="..\src\Math\Vector4.h">
      <Filter>Header Files</Filter>
    </ClInclude>
    <ClInclude Include="..\src\Tests\MatrixTests.h">
      <Filter>Header Files</Filter>
    </ClInclude>
    <ClInclude Include="..\src\Tests\VectorTests.h">
      <Filter>Header Files</Filter>
    </ClInclude>
    <ClInclude Include="..\src\Math\Matrix.h">
      <Filter>Header Files</Filter>
    </ClInclude>
    <ClInclude Include="..\src\Math\Matrix2.h">
      <Filter>Header Files</Filter>
    </ClInclude>
    <ClInclude Include="..\src\Math\Matrix3.h">
      <Filter>Header Files</Filter>
    </ClInclude>
    <ClInclude Include="..\src\Math\TMatrix.h">
      <Filter>Header Files</Filter>
    </ClInclude>
    <ClInclude Include="..\src\Math\Vector.h">
      <Filter>Header Files</Filter>
    </ClInclude>
    <ClInclude Include="..\src\Math\Vector2.h">
      <Filter>Header Files</Filter>
    </ClInclude>
    <ClInclude Include="..\src\Math\Vector4.h">
      <Filter>Header Files</Filter>
    </ClInclude>
    <ClInclude Include="..\src\Tests\MatrixTests.h">
      <Filter>Header Files</Filter>
    </ClInclude>
    <ClInclude Include="..\src\Tests\VectorTests.h">
      <Filter>Header Files</Filter>
    </ClInclude>
    <ClInclude Include="..\src\Math\Matrix.h">
      <Filter>Header Files</Filter>
    </ClInclude>
    <ClInclude Include="..\src\Math\Matrix2.h">
      <Filter>Header Files</Filter>
    </ClInclude>
    <ClInclude Include="..\src\Math\Matrix3.h">
      <Filter>Header Files</Filter>
    </ClInclude>
    <ClInclude Include="..\src\Math\TMatrix.h">
      <Filter>Header Files</Filter>
    </ClInclude>
    <ClInclude Include="..\src\Math\Vector.h">
      <Filter>Header Files</Filter>
    </ClInclude>
    <ClInclude Include="..\src\Math\Vector2.h">
      <Filter>Header Files</Filter>
    </ClInclude>
    <ClInclude Include="..\src\Math\Vector4.h">
      <Filter>Header Files</Filter>
    </ClInclude>
    <ClInclude Include="..\src\Tests\MatrixTests.h">
      <Filter>Header Files</Filter>
    </ClInclude>
    <ClInclude Include="..\src\Tests\VectorTests.h">
      <Filter>Header Files</Filter>
    </ClInclude>
    <ClInclude Include="..\src\Math\Matrix.h">
      <Filter>Header Files</Filter>
    </ClInclude>
    <ClInclude Include="..\src\Math\Matrix2.h">
      <Filter>Header Files</Filter>
    </ClInclude>
    <ClInclude Include="..\src\Math\Matrix3.h">
      <Filter>Header Files</Filter>
    </ClInclude>
    <ClInclude Include="..\src\Math\TMatrix.h">
      <Filter>Header Files</Filter>
    </ClInclude>
    <ClInclude Include="..\src\Math\Vector.h">
      <Filter>Header Files</Filter>
    </ClInclude>
    <ClInclude Include="..\src\Math\Vector2.h">
      <Filter>Header Files</Filter>
    </ClInclude>
    <ClInclude Include="..\src\Math\Vector4.h">
      <Filter>Header Files</Filter>
    </ClInclude>
    <ClInclude Include="..\src\Tests\MatrixTests.h">
      <Filter>Header Files</Filter>
    </ClInclude>
    <ClInclude Include="..\src\Tests\VectorTests.h">
      <Filter>Header Files</Filter>
    </ClInclude>
    <ClInclude Include="..\src\Math\Matrix.h">
      <Filter>Header Files</Filter>
    </ClInclude>
    <ClInclude Include="..\src\Math\Matrix2.h">
      <Filter>Header Files</Filter>
    </ClInclude>
    <ClInclude Include="..\src\Math\Matrix3.h">
      <Filter>Header Files</Filter>
    </ClInclude>
    <ClInclude Include="..\src\Math\TMatrix.h">
      <Filter>Header Files</Filter>
    </ClInclude>
    <ClInclude Include="..\src\Math\Vector.h">
      <Filter>Header Files</Filter>
    </ClInclude>
    <ClInclude Include="..\src\Math\Vector2.h">
      <Filter>Header Files</Filter>
    </ClInclude>
    <ClInclude Include="..\src\Math\Vector4.h">
      <Filter>Header Files</Filter>
    </ClInclude>
    <ClInclude Include="..\src\Tests\MatrixTests.h">
      <Filter>Header Files</Filter>
    </ClInclude>
    <ClInclude Include="..\src\Tests\VectorTests.h">
      <Filter>Header Files</Filter>
    </ClInclude>
    <ClInclude Include="..\src\Math\Matrix.h">
      <Filter>Header Files</Filter>
    </ClInclude>
    <ClInclude Include="..\src\Math\Matrix2.h">
      <Filter>Header Files</Filter>
    </ClInclude>
    <ClInclude Include="..\src\Math\Matrix3.h">
      <Filter>Header Files</Filter>
    </ClInclude>
    <ClInclude Include="..\src\Math\TMatrix.h">
      <Filter>Header Files</Filter>
    </ClInclude>
    <ClInclude Include="..\src\Math\Vector.h">
      <Filter>Header Files</Filter>
    </ClInclude>
    <ClInclude Include="..\src\Math\Vector2.h">
      <Filter>Header Files</Filter>
    </ClInclude>
    <ClInclude Include="..\src\Math\Vector4.h">
      <Filter>Header Files</Filter>
    </ClInclude>
    <ClInclude Include="..\src\Tests\MatrixTests.h">
      <Filter>Header Files</Filter>
    </ClInclude>
    <ClInclude Include="..\src\Tests\VectorTests.h">
      <Filter>Header Files</Filter>
    </ClInclude>
    <ClInclude Include="..\src\Tests\catch.hpp">
      <Filter>Header Files</Filter>
    </ClInclude>
    <ClInclude Include="..\src\Tests\MatrixTests.h">
      <Filter>Header Files</Filter>
    </ClInclude>
    <ClInclude Include="..\src\Tests\VectorTests.h">
      <Filter>Header Files</Filter>
    </ClInclude>
    <ClInclude Include="..\src\Engine.h">
      <Filter>3Engine Files</Filter>
    </ClInclude>
    <ClInclude Include="..\src\Math\Matrix.h">
      <Filter>3Engine Files</Filter>
    </ClInclude>
    <ClInclude Include="..\src\Math\Matrix2.h">
      <Filter>3Engine Files</Filter>
    </ClInclude>
    <ClInclude Include="..\src\Math\Matrix3.h">
      <Filter>3Engine Files</Filter>
    </ClInclude>
    <ClInclude Include="..\src\Math\TMatrix.h">
      <Filter>3Engine Files</Filter>
    </ClInclude>
    <ClInclude Include="..\src\Math\Vector.h">
      <Filter>3Engine Files</Filter>
    </ClInclude>
    <ClInclude Include="..\src\Math\Vector2.h">
      <Filter>3Engine Files</Filter>
    </ClInclude>
    <ClInclude Include="..\src\Math\Vector4.h">
      <Filter>3Engine Files</Filter>
    </ClInclude>
    <ClInclude Include="..\src\Math\Maths.h">
      <Filter>3Engine Files</Filter>
    </ClInclude>
    <ClInclude Include="..\src\Math\Matrix.h">
      <Filter>3Engine Files</Filter>
    </ClInclude>
    <ClInclude Include="..\src\Math\Matrix2.h">
      <Filter>3Engine Files</Filter>
    </ClInclude>
    <ClInclude Include="..\src\Math\Matrix3.h">
      <Filter>3Engine Files</Filter>
    </ClInclude>
    <ClInclude Include="..\src\Math\TMatrix.h">
      <Filter>3Engine Files</Filter>
    </ClInclude>
    <ClInclude Include="..\src\Math\Vector.h">
      <Filter>3Engine Files</Filter>
    </ClInclude>
    <ClInclude Include="..\src\Math\Vector2.h">
      <Filter>3Engine Files</Filter>
    </ClInclude>
    <ClInclude Include="..\src\Math\Vector4.h">
      <Filter>3Engine Files</Filter>
    </ClInclude>
    <ClInclude Include="..\src\Shader\Shader.h">
      <Filter>3Engine Files</Filter>
    </ClInclude>
    <ClInclude Include="..\src\Shader\ShaderProgram.h">
      <Filter>3Engine Files</Filter>
    </ClInclude>
    <ClInclude Include="..\src\Debug.h">
      <Filter>3Engine Files</Filter>
    </ClInclude>
    <ClInclude Include="..\src\Engine.h">
      <Filter>3Engine Files</Filter>
    </ClInclude>
    <ClInclude Include="..\src\json.hpp">
      <Filter>3Engine Files</Filter>
    </ClInclude>
    <ClInclude Include="..\src\OpenGLUtils.h">
      <Filter>3Engine Files</Filter>
    </ClInclude>
    <ClInclude Include="..\src\Tangram.h">
      <Filter>3Engine Files</Filter>
    </ClInclude>
  </ItemGroup>
</Project>